
Microsoft Visual Studio Solution File, Format Version 12.00
# Visual Studio 15
Project("{FAE04EC0-301F-11D3-BF4B-00C04F79EFBC}") = "Assembly-CSharp", "Assembly-CSharp.csproj", "{29BE6DA3-EBDC-9172-4648-34B14F0149F8}"
EndProject
Project("{FAE04EC0-301F-11D3-BF4B-00C04F79EFBC}") = "PhotonUnityNetworking.Demos", "PhotonUnityNetworking.Demos.csproj", "{CF7EDCAA-8C6D-01C1-87D6-AF693B200A80}"
EndProject
Project("{FAE04EC0-301F-11D3-BF4B-00C04F79EFBC}") = "PhotonRealtime", "PhotonRealtime.csproj", "{9B1A7142-EFEE-6F8D-1B28-AA0B41DE3ACE}"
EndProject
Project("{FAE04EC0-301F-11D3-BF4B-00C04F79EFBC}") = "PhotonUnityNetworking", "PhotonUnityNetworking.csproj", "{A970B284-5F36-0268-46F8-5A5BCFC39355}"
EndProject
Project("{FAE04EC0-301F-11D3-BF4B-00C04F79EFBC}") = "PhotonUnityNetworking.Utilities", "PhotonUnityNetworking.Utilities.csproj", "{B4BA81ED-94C0-942E-432C-53060FE29F89}"
EndProject
Project("{FAE04EC0-301F-11D3-BF4B-00C04F79EFBC}") = "PhotonChat", "PhotonChat.csproj", "{C23B7DAF-23B4-E4A0-0385-02122A62D6E6}"
EndProject
Project("{FAE04EC0-301F-11D3-BF4B-00C04F79EFBC}") = "PhotonUnityNetworking.Editor", "PhotonUnityNetworking.Editor.csproj", "{FE171605-B39D-887E-2240-362BF4EDA052}"
EndProject
Project("{FAE04EC0-301F-11D3-BF4B-00C04F79EFBC}") = "Assembly-CSharp-Editor", "Assembly-CSharp-Editor.csproj", "{3160A849-12F6-88EF-15F7-0F8492580717}"
EndProject
Project("{FAE04EC0-301F-11D3-BF4B-00C04F79EFBC}") = "PhotonUnityNetworking.Utilities.PhotonPlayer.Editor", "PhotonUnityNetworking.Utilities.PhotonPlayer.Editor.csproj", "{CE261742-9747-0FCD-C39A-60D4CA693E16}"
EndProject
Project("{FAE04EC0-301F-11D3-BF4B-00C04F79EFBC}") = "PunDemos.DemoSlotcarEditor", "PunDemos.DemoSlotcarEditor.csproj", "{760A03C5-FC75-DC29-36AE-C988CDAB6554}"
EndProject
Project("{FAE04EC0-301F-11D3-BF4B-00C04F79EFBC}") = "PhotonUnityNetworking.Utilities.Culling.Editor", "PhotonUnityNetworking.Utilities.Culling.Editor.csproj", "{12BCD180-3F44-727A-8259-6E047805A220}"
EndProject
Project("{FAE04EC0-301F-11D3-BF4B-00C04F79EFBC}") = "PunDemos.DemoHubEditor", "PunDemos.DemoHubEditor.csproj", "{281A6297-D384-BA32-560E-6F74B9BA9068}"
EndProject
Global
	GlobalSection(SolutionConfigurationPlatforms) = preSolution
		Debug|Any CPU = Debug|Any CPU
		Release|Any CPU = Release|Any CPU
	EndGlobalSection
	GlobalSection(ProjectConfigurationPlatforms) = postSolution
		{29BE6DA3-EBDC-9172-4648-34B14F0149F8}.Debug|Any CPU.ActiveCfg = Debug|Any CPU
		{29BE6DA3-EBDC-9172-4648-34B14F0149F8}.Debug|Any CPU.Build.0 = Debug|Any CPU
		{29BE6DA3-EBDC-9172-4648-34B14F0149F8}.Release|Any CPU.ActiveCfg = Release|Any CPU
		{29BE6DA3-EBDC-9172-4648-34B14F0149F8}.Release|Any CPU.Build.0 = Release|Any CPU
		{CF7EDCAA-8C6D-01C1-87D6-AF693B200A80}.Debug|Any CPU.ActiveCfg = Debug|Any CPU
		{CF7EDCAA-8C6D-01C1-87D6-AF693B200A80}.Debug|Any CPU.Build.0 = Debug|Any CPU
		{CF7EDCAA-8C6D-01C1-87D6-AF693B200A80}.Release|Any CPU.ActiveCfg = Release|Any CPU
		{CF7EDCAA-8C6D-01C1-87D6-AF693B200A80}.Release|Any CPU.Build.0 = Release|Any CPU
		{9B1A7142-EFEE-6F8D-1B28-AA0B41DE3ACE}.Debug|Any CPU.ActiveCfg = Debug|Any CPU
		{9B1A7142-EFEE-6F8D-1B28-AA0B41DE3ACE}.Debug|Any CPU.Build.0 = Debug|Any CPU
		{9B1A7142-EFEE-6F8D-1B28-AA0B41DE3ACE}.Release|Any CPU.ActiveCfg = Release|Any CPU
		{9B1A7142-EFEE-6F8D-1B28-AA0B41DE3ACE}.Release|Any CPU.Build.0 = Release|Any CPU
		{A970B284-5F36-0268-46F8-5A5BCFC39355}.Debug|Any CPU.ActiveCfg = Debug|Any CPU
		{A970B284-5F36-0268-46F8-5A5BCFC39355}.Debug|Any CPU.Build.0 = Debug|Any CPU
		{A970B284-5F36-0268-46F8-5A5BCFC39355}.Release|Any CPU.ActiveCfg = Release|Any CPU
		{A970B284-5F36-0268-46F8-5A5BCFC39355}.Release|Any CPU.Build.0 = Release|Any CPU
		{B4BA81ED-94C0-942E-432C-53060FE29F89}.Debug|Any CPU.ActiveCfg = Debug|Any CPU
		{B4BA81ED-94C0-942E-432C-53060FE29F89}.Debug|Any CPU.Build.0 = Debug|Any CPU
		{B4BA81ED-94C0-942E-432C-53060FE29F89}.Release|Any CPU.ActiveCfg = Release|Any CPU
		{B4BA81ED-94C0-942E-432C-53060FE29F89}.Release|Any CPU.Build.0 = Release|Any CPU
		{C23B7DAF-23B4-E4A0-0385-02122A62D6E6}.Debug|Any CPU.ActiveCfg = Debug|Any CPU
		{C23B7DAF-23B4-E4A0-0385-02122A62D6E6}.Debug|Any CPU.Build.0 = Debug|Any CPU
		{C23B7DAF-23B4-E4A0-0385-02122A62D6E6}.Release|Any CPU.ActiveCfg = Release|Any CPU
		{C23B7DAF-23B4-E4A0-0385-02122A62D6E6}.Release|Any CPU.Build.0 = Release|Any CPU
		{FE171605-B39D-887E-2240-362BF4EDA052}.Debug|Any CPU.ActiveCfg = Debug|Any CPU
		{FE171605-B39D-887E-2240-362BF4EDA052}.Debug|Any CPU.Build.0 = Debug|Any CPU
		{FE171605-B39D-887E-2240-362BF4EDA052}.Release|Any CPU.ActiveCfg = Release|Any CPU
		{FE171605-B39D-887E-2240-362BF4EDA052}.Release|Any CPU.Build.0 = Release|Any CPU
		{3160A849-12F6-88EF-15F7-0F8492580717}.Debug|Any CPU.ActiveCfg = Debug|Any CPU
		{3160A849-12F6-88EF-15F7-0F8492580717}.Debug|Any CPU.Build.0 = Debug|Any CPU
		{3160A849-12F6-88EF-15F7-0F8492580717}.Release|Any CPU.ActiveCfg = Release|Any CPU
		{3160A849-12F6-88EF-15F7-0F8492580717}.Release|Any CPU.Build.0 = Release|Any CPU
		{CE261742-9747-0FCD-C39A-60D4CA693E16}.Debug|Any CPU.ActiveCfg = Debug|Any CPU
		{CE261742-9747-0FCD-C39A-60D4CA693E16}.Debug|Any CPU.Build.0 = Debug|Any CPU
		{CE261742-9747-0FCD-C39A-60D4CA693E16}.Release|Any CPU.ActiveCfg = Release|Any CPU
		{CE261742-9747-0FCD-C39A-60D4CA693E16}.Release|Any CPU.Build.0 = Release|Any CPU
		{760A03C5-FC75-DC29-36AE-C988CDAB6554}.Debug|Any CPU.ActiveCfg = Debug|Any CPU
		{760A03C5-FC75-DC29-36AE-C988CDAB6554}.Debug|Any CPU.Build.0 = Debug|Any CPU
		{760A03C5-FC75-DC29-36AE-C988CDAB6554}.Release|Any CPU.ActiveCfg = Release|Any CPU
		{760A03C5-FC75-DC29-36AE-C988CDAB6554}.Release|Any CPU.Build.0 = Release|Any CPU
		{12BCD180-3F44-727A-8259-6E047805A220}.Debug|Any CPU.ActiveCfg = Debug|Any CPU
		{12BCD180-3F44-727A-8259-6E047805A220}.Debug|Any CPU.Build.0 = Debug|Any CPU
		{12BCD180-3F44-727A-8259-6E047805A220}.Release|Any CPU.ActiveCfg = Release|Any CPU
		{12BCD180-3F44-727A-8259-6E047805A220}.Release|Any CPU.Build.0 = Release|Any CPU
		{281A6297-D384-BA32-560E-6F74B9BA9068}.Debug|Any CPU.ActiveCfg = Debug|Any CPU
		{281A6297-D384-BA32-560E-6F74B9BA9068}.Debug|Any CPU.Build.0 = Debug|Any CPU
		{281A6297-D384-BA32-560E-6F74B9BA9068}.Release|Any CPU.ActiveCfg = Release|Any CPU
		{281A6297-D384-BA32-560E-6F74B9BA9068}.Release|Any CPU.Build.0 = Release|Any CPU
	EndGlobalSection
	GlobalSection(SolutionProperties) = preSolution
		HideSolutionNode = FALSE
	EndGlobalSection
EndGlobal
