
Microsoft Visual Studio Solution File, Format Version 11.00
# Visual Studio 2010
Project("{FAE04EC0-301F-11D3-BF4B-00C04F79EFBC}") = "UniTask", "UniTask.csproj", "{6625ff98-a487-05c8-00fe-5b8319c873b1}"
EndProject
Project("{FAE04EC0-301F-11D3-BF4B-00C04F79EFBC}") = "Assembly-CSharp", "Assembly-CSharp.csproj", "{69641c49-1b44-36a9-eb93-ce2f92eb5034}"
EndProject
Project("{FAE04EC0-301F-11D3-BF4B-00C04F79EFBC}") = "CodeAssembly", "CodeAssembly.csproj", "{6fc1f3f3-2616-7414-ccd1-1e6f39050d1e}"
EndProject
Project("{FAE04EC0-301F-11D3-BF4B-00C04F79EFBC}") = "UniTask.Linq", "UniTask.Linq.csproj", "{03023370-4ae9-e110-92fd-36a761b2908b}"
EndProject
Project("{FAE04EC0-301F-11D3-BF4B-00C04F79EFBC}") = "UniTask.DOTween", "UniTask.DOTween.csproj", "{45da9a9c-1b10-bd78-45a6-127112898e43}"
EndProject
Project("{FAE04EC0-301F-11D3-BF4B-00C04F79EFBC}") = "UniTask.TextMeshPro", "UniTask.TextMeshPro.csproj", "{2a353b09-221f-0ba1-17a8-e39d7152e8a9}"
EndProject
Project("{FAE04EC0-301F-11D3-BF4B-00C04F79EFBC}") = "UniTask.Addressables", "UniTask.Addressables.csproj", "{055e33b8-e0c6-3069-bddb-102bc10c2251}"
EndProject
Project("{FAE04EC0-301F-11D3-BF4B-00C04F79EFBC}") = "Assembly-CSharp-Editor", "Assembly-CSharp-Editor.csproj", "{27383302-2c89-00ae-0e24-7bf61611ab8a}"
EndProject
Project("{FAE04EC0-301F-11D3-BF4B-00C04F79EFBC}") = "UniTask.Editor", "UniTask.Editor.csproj", "{74a40920-d3ef-4b90-761b-a7fee0426aa7}"
EndProject
Global
	GlobalSection(SolutionConfigurationPlatforms) = preSolution
		Debug|Any CPU = Debug|Any CPU
	EndGlobalSection
	GlobalSection(ProjectConfigurationPlatforms) = postSolution
		{6625ff98-a487-05c8-00fe-5b8319c873b1}.Debug|Any CPU.ActiveCfg = Debug|Any CPU
		{6625ff98-a487-05c8-00fe-5b8319c873b1}.Debug|Any CPU.Build.0 = Debug|Any CPU
		{69641c49-1b44-36a9-eb93-ce2f92eb5034}.Debug|Any CPU.ActiveCfg = Debug|Any CPU
		{69641c49-1b44-36a9-eb93-ce2f92eb5034}.Debug|Any CPU.Build.0 = Debug|Any CPU
		{6fc1f3f3-2616-7414-ccd1-1e6f39050d1e}.Debug|Any CPU.ActiveCfg = Debug|Any CPU
		{6fc1f3f3-2616-7414-ccd1-1e6f39050d1e}.Debug|Any CPU.Build.0 = Debug|Any CPU
		{03023370-4ae9-e110-92fd-36a761b2908b}.Debug|Any CPU.ActiveCfg = Debug|Any CPU
		{03023370-4ae9-e110-92fd-36a761b2908b}.Debug|Any CPU.Build.0 = Debug|Any CPU
		{45da9a9c-1b10-bd78-45a6-127112898e43}.Debug|Any CPU.ActiveCfg = Debug|Any CPU
		{45da9a9c-1b10-bd78-45a6-127112898e43}.Debug|Any CPU.Build.0 = Debug|Any CPU
		{2a353b09-221f-0ba1-17a8-e39d7152e8a9}.Debug|Any CPU.ActiveCfg = Debug|Any CPU
		{2a353b09-221f-0ba1-17a8-e39d7152e8a9}.Debug|Any CPU.Build.0 = Debug|Any CPU
		{055e33b8-e0c6-3069-bddb-102bc10c2251}.Debug|Any CPU.ActiveCfg = Debug|Any CPU
		{055e33b8-e0c6-3069-bddb-102bc10c2251}.Debug|Any CPU.Build.0 = Debug|Any CPU
		{27383302-2c89-00ae-0e24-7bf61611ab8a}.Debug|Any CPU.ActiveCfg = Debug|Any CPU
		{27383302-2c89-00ae-0e24-7bf61611ab8a}.Debug|Any CPU.Build.0 = Debug|Any CPU
		{74a40920-d3ef-4b90-761b-a7fee0426aa7}.Debug|Any CPU.ActiveCfg = Debug|Any CPU
		{74a40920-d3ef-4b90-761b-a7fee0426aa7}.Debug|Any CPU.Build.0 = Debug|Any CPU
	EndGlobalSection
	GlobalSection(SolutionProperties) = preSolution
		HideSolutionNode = FALSE
	EndGlobalSection
EndGlobal
