
Microsoft Visual Studio Solution File, Format Version 11.00
# Visual Studio 2010
Project("{FAE04EC0-301F-11D3-BF4B-00C04F79EFBC}") = "Assembly-CSharp", "Assembly-CSharp.csproj", "{69641c49-1b44-36a9-eb93-ce2f92eb5034}"
EndProject
Project("{FAE04EC0-301F-11D3-BF4B-00C04F79EFBC}") = "Assembly-CSharp-Editor", "Assembly-CSharp-Editor.csproj", "{27383302-2c89-00ae-0e24-7bf61611ab8a}"
EndProject
Global
	GlobalSection(SolutionConfigurationPlatforms) = preSolution
		Debug|Any CPU = Debug|Any CPU
	EndGlobalSection
	GlobalSection(ProjectConfigurationPlatforms) = postSolution
		{69641c49-1b44-36a9-eb93-ce2f92eb5034}.Debug|Any CPU.ActiveCfg = Debug|Any CPU
		{69641c49-1b44-36a9-eb93-ce2f92eb5034}.Debug|Any CPU.Build.0 = Debug|Any CPU
		{27383302-2c89-00ae-0e24-7bf61611ab8a}.Debug|Any CPU.ActiveCfg = Debug|Any CPU
		{27383302-2c89-00ae-0e24-7bf61611ab8a}.Debug|Any CPU.Build.0 = Debug|Any CPU
	EndGlobalSection
	GlobalSection(SolutionProperties) = preSolution
		HideSolutionNode = FALSE
	EndGlobalSection
EndGlobal
