
Microsoft Visual Studio Solution File, Format Version 11.00
# Visual Studio 2010
Project("{FAE04EC0-301F-11D3-BF4B-00C04F79EFBC}") = "Assembly-CSharp", "Assembly-CSharp.csproj", "{B6789E8C-76DD-61C8-C880-DA89E3183C06}"
EndProject
Project("{FAE04EC0-301F-11D3-BF4B-00C04F79EFBC}") = "PhotonUnityNetworking.Demos", "PhotonUnityNetworking.Demos.csproj", "{1B773212-14B4-7219-5F57-87D0BCD4EF5F}"
EndProject
Project("{FAE04EC0-301F-11D3-BF4B-00C04F79EFBC}") = "PhotonRealtime", "PhotonRealtime.csproj", "{12C00060-AFF1-F94C-8F09-1DF1A23BFE2E}"
EndProject
Project("{FAE04EC0-301F-11D3-BF4B-00C04F79EFBC}") = "PhotonUnityNetworking", "PhotonUnityNetworking.csproj", "{F96E7B65-1FFB-DDA4-3067-B8DA6CE24489}"
EndProject
Project("{FAE04EC0-301F-11D3-BF4B-00C04F79EFBC}") = "PhotonUnityNetworking.Utilities", "PhotonUnityNetworking.Utilities.csproj", "{FA3FEE65-AFAF-6571-AA52-FF7093DDCF27}"
EndProject
Project("{FAE04EC0-301F-11D3-BF4B-00C04F79EFBC}") = "PhotonChat", "PhotonChat.csproj", "{052CBFAB-A1CA-326E-990F-484C03D62787}"
EndProject
Project("{FAE04EC0-301F-11D3-BF4B-00C04F79EFBC}") = "PhotonUnityNetworking.Editor", "PhotonUnityNetworking.Editor.csproj", "{368798D8-0F07-2E78-D836-0FEAAD30A02E}"
EndProject
Project("{FAE04EC0-301F-11D3-BF4B-00C04F79EFBC}") = "Assembly-CSharp-Editor", "Assembly-CSharp-Editor.csproj", "{BC9FCF51-17FC-4A8B-D38F-F51293055283}"
EndProject
Project("{FAE04EC0-301F-11D3-BF4B-00C04F79EFBC}") = "PhotonUnityNetworking.Utilities.PhotonPlayer.Editor", "PhotonUnityNetworking.Utilities.PhotonPlayer.Editor.csproj", "{55804216-0DF2-6753-609A-1F0FE8D315DB}"
EndProject
Project("{FAE04EC0-301F-11D3-BF4B-00C04F79EFBC}") = "PunDemos.DemoSlotcarEditor", "PunDemos.DemoSlotcarEditor.csproj", "{9A298E9D-8E60-E2E8-EEDF-BADB98E3B3A2}"
EndProject
Project("{FAE04EC0-301F-11D3-BF4B-00C04F79EFBC}") = "PhotonUnityNetworking.Utilities.Culling.Editor", "PhotonUnityNetworking.Utilities.Culling.Editor.csproj", "{813AB6F3-1E0A-2350-4E84-D3CA9C8395AA}"
EndProject
Project("{FAE04EC0-301F-11D3-BF4B-00C04F79EFBC}") = "PunDemos.DemoHubEditor", "PunDemos.DemoHubEditor.csproj", "{ABA8C841-AD3B-C100-133A-5C20AB8E89E0}"
EndProject
Global
	GlobalSection(SolutionConfigurationPlatforms) = preSolution
		Debug|Any CPU = Debug|Any CPU
		Release|Any CPU = Release|Any CPU
	EndGlobalSection
	GlobalSection(ProjectConfigurationPlatforms) = postSolution
		{B6789E8C-76DD-61C8-C880-DA89E3183C06}.Debug|Any CPU.ActiveCfg = Debug|Any CPU
		{B6789E8C-76DD-61C8-C880-DA89E3183C06}.Debug|Any CPU.Build.0 = Debug|Any CPU
		{B6789E8C-76DD-61C8-C880-DA89E3183C06}.Release|Any CPU.ActiveCfg = Release|Any CPU
		{B6789E8C-76DD-61C8-C880-DA89E3183C06}.Release|Any CPU.Build.0 = Release|Any CPU
		{1B773212-14B4-7219-5F57-87D0BCD4EF5F}.Debug|Any CPU.ActiveCfg = Debug|Any CPU
		{1B773212-14B4-7219-5F57-87D0BCD4EF5F}.Debug|Any CPU.Build.0 = Debug|Any CPU
		{1B773212-14B4-7219-5F57-87D0BCD4EF5F}.Release|Any CPU.ActiveCfg = Release|Any CPU
		{1B773212-14B4-7219-5F57-87D0BCD4EF5F}.Release|Any CPU.Build.0 = Release|Any CPU
		{12C00060-AFF1-F94C-8F09-1DF1A23BFE2E}.Debug|Any CPU.ActiveCfg = Debug|Any CPU
		{12C00060-AFF1-F94C-8F09-1DF1A23BFE2E}.Debug|Any CPU.Build.0 = Debug|Any CPU
		{12C00060-AFF1-F94C-8F09-1DF1A23BFE2E}.Release|Any CPU.ActiveCfg = Release|Any CPU
		{12C00060-AFF1-F94C-8F09-1DF1A23BFE2E}.Release|Any CPU.Build.0 = Release|Any CPU
		{F96E7B65-1FFB-DDA4-3067-B8DA6CE24489}.Debug|Any CPU.ActiveCfg = Debug|Any CPU
		{F96E7B65-1FFB-DDA4-3067-B8DA6CE24489}.Debug|Any CPU.Build.0 = Debug|Any CPU
		{F96E7B65-1FFB-DDA4-3067-B8DA6CE24489}.Release|Any CPU.ActiveCfg = Release|Any CPU
		{F96E7B65-1FFB-DDA4-3067-B8DA6CE24489}.Release|Any CPU.Build.0 = Release|Any CPU
		{FA3FEE65-AFAF-6571-AA52-FF7093DDCF27}.Debug|Any CPU.ActiveCfg = Debug|Any CPU
		{FA3FEE65-AFAF-6571-AA52-FF7093DDCF27}.Debug|Any CPU.Build.0 = Debug|Any CPU
		{FA3FEE65-AFAF-6571-AA52-FF7093DDCF27}.Release|Any CPU.ActiveCfg = Release|Any CPU
		{FA3FEE65-AFAF-6571-AA52-FF7093DDCF27}.Release|Any CPU.Build.0 = Release|Any CPU
		{052CBFAB-A1CA-326E-990F-484C03D62787}.Debug|Any CPU.ActiveCfg = Debug|Any CPU
		{052CBFAB-A1CA-326E-990F-484C03D62787}.Debug|Any CPU.Build.0 = Debug|Any CPU
		{052CBFAB-A1CA-326E-990F-484C03D62787}.Release|Any CPU.ActiveCfg = Release|Any CPU
		{052CBFAB-A1CA-326E-990F-484C03D62787}.Release|Any CPU.Build.0 = Release|Any CPU
		{368798D8-0F07-2E78-D836-0FEAAD30A02E}.Debug|Any CPU.ActiveCfg = Debug|Any CPU
		{368798D8-0F07-2E78-D836-0FEAAD30A02E}.Debug|Any CPU.Build.0 = Debug|Any CPU
		{368798D8-0F07-2E78-D836-0FEAAD30A02E}.Release|Any CPU.ActiveCfg = Release|Any CPU
		{368798D8-0F07-2E78-D836-0FEAAD30A02E}.Release|Any CPU.Build.0 = Release|Any CPU
		{BC9FCF51-17FC-4A8B-D38F-F51293055283}.Debug|Any CPU.ActiveCfg = Debug|Any CPU
		{BC9FCF51-17FC-4A8B-D38F-F51293055283}.Debug|Any CPU.Build.0 = Debug|Any CPU
		{BC9FCF51-17FC-4A8B-D38F-F51293055283}.Release|Any CPU.ActiveCfg = Release|Any CPU
		{BC9FCF51-17FC-4A8B-D38F-F51293055283}.Release|Any CPU.Build.0 = Release|Any CPU
		{55804216-0DF2-6753-609A-1F0FE8D315DB}.Debug|Any CPU.ActiveCfg = Debug|Any CPU
		{55804216-0DF2-6753-609A-1F0FE8D315DB}.Debug|Any CPU.Build.0 = Debug|Any CPU
		{55804216-0DF2-6753-609A-1F0FE8D315DB}.Release|Any CPU.ActiveCfg = Release|Any CPU
		{55804216-0DF2-6753-609A-1F0FE8D315DB}.Release|Any CPU.Build.0 = Release|Any CPU
		{9A298E9D-8E60-E2E8-EEDF-BADB98E3B3A2}.Debug|Any CPU.ActiveCfg = Debug|Any CPU
		{9A298E9D-8E60-E2E8-EEDF-BADB98E3B3A2}.Debug|Any CPU.Build.0 = Debug|Any CPU
		{9A298E9D-8E60-E2E8-EEDF-BADB98E3B3A2}.Release|Any CPU.ActiveCfg = Release|Any CPU
		{9A298E9D-8E60-E2E8-EEDF-BADB98E3B3A2}.Release|Any CPU.Build.0 = Release|Any CPU
		{813AB6F3-1E0A-2350-4E84-D3CA9C8395AA}.Debug|Any CPU.ActiveCfg = Debug|Any CPU
		{813AB6F3-1E0A-2350-4E84-D3CA9C8395AA}.Debug|Any CPU.Build.0 = Debug|Any CPU
		{813AB6F3-1E0A-2350-4E84-D3CA9C8395AA}.Release|Any CPU.ActiveCfg = Release|Any CPU
		{813AB6F3-1E0A-2350-4E84-D3CA9C8395AA}.Release|Any CPU.Build.0 = Release|Any CPU
		{ABA8C841-AD3B-C100-133A-5C20AB8E89E0}.Debug|Any CPU.ActiveCfg = Debug|Any CPU
		{ABA8C841-AD3B-C100-133A-5C20AB8E89E0}.Debug|Any CPU.Build.0 = Debug|Any CPU
		{ABA8C841-AD3B-C100-133A-5C20AB8E89E0}.Release|Any CPU.ActiveCfg = Release|Any CPU
		{ABA8C841-AD3B-C100-133A-5C20AB8E89E0}.Release|Any CPU.Build.0 = Release|Any CPU
	EndGlobalSection
	GlobalSection(SolutionProperties) = preSolution
		HideSolutionNode = FALSE
	EndGlobalSection
EndGlobal
