
Microsoft Visual Studio Solution File, Format Version 12.00
# Visual Studio Version 16
VisualStudioVersion = 16.0.32002.261
MinimumVisualStudioVersion = 10.0.40219.1
Project("{FAE04EC0-301F-11D3-BF4B-00C04F79EFBC}") = "Assembly-CSharp", "Assembly-CSharp.csproj", "{491C6469-441B-A936-EB93-CE2F92EB5034}"
EndProject
Project("{FAE04EC0-301F-11D3-BF4B-00C04F79EFBC}") = "Assembly-CSharp-Editor", "Assembly-CSharp-Editor.csproj", "{02333827-892C-AE00-0E24-7BF61611AB8A}"
EndProject
Global
	GlobalSection(SolutionConfigurationPlatforms) = preSolution
		Debug|Any CPU = Debug|Any CPU
		Release|Any CPU = Release|Any CPU
	EndGlobalSection
	GlobalSection(ProjectConfigurationPlatforms) = postSolution
		{491C6469-441B-A936-EB93-CE2F92EB5034}.Debug|Any CPU.ActiveCfg = Debug|Any CPU
		{491C6469-441B-A936-EB93-CE2F92EB5034}.Debug|Any CPU.Build.0 = Debug|Any CPU
		{491C6469-441B-A936-EB93-CE2F92EB5034}.Release|Any CPU.ActiveCfg = Release|Any CPU
		{491C6469-441B-A936-EB93-CE2F92EB5034}.Release|Any CPU.Build.0 = Release|Any CPU
		{02333827-892C-AE00-0E24-7BF61611AB8A}.Debug|Any CPU.ActiveCfg = Debug|Any CPU
		{02333827-892C-AE00-0E24-7BF61611AB8A}.Debug|Any CPU.Build.0 = Debug|Any CPU
		{02333827-892C-AE00-0E24-7BF61611AB8A}.Release|Any CPU.ActiveCfg = Release|Any CPU
		{02333827-892C-AE00-0E24-7BF61611AB8A}.Release|Any CPU.Build.0 = Release|Any CPU
	EndGlobalSection
	GlobalSection(SolutionProperties) = preSolution
		HideSolutionNode = FALSE
	EndGlobalSection
	GlobalSection(ExtensibilityGlobals) = postSolution
		SolutionGuid = {2140BD33-41F7-4CD3-BF7B-3C1B96FA6B56}
	EndGlobalSection
EndGlobal
